{
  "nodes": {
    "minimalbase": {
      "inputs": {
        "nixpkgs": "nixpkgs"
      },
      "locked": {
        "lastModified": 1780376610,
        "narHash": "sha256-FomlsNRehRi38oy3GCdtwW/793fOo5SWpezQaiNAGgI=",
        "owner": "nonrootdocker",
        "repo": "minimalbase",
        "rev": "6984aeccaf0bbf973041106cf1389a860a6c243b",
        "type": "github"
      },
      "original": {
        "owner": "nonrootdocker",
        "repo": "minimalbase",
        "type": "github"
      }
    },
    "nixpkgs": {
      "locked": {
        "lastModified": 1780282581,
        "narHash": "sha256-xCjHhtKzBB3Y8dfHOyQTxgeF2Lalbkr+swfLMq8I6N4=",
        "owner": "NixOS",
        "repo": "nixpkgs",
        "rev": "78fd3c49cca0baeb00fb0e370581dd19be2553b5",
        "type": "github"
      },
      "original": {
        "owner": "NixOS",
        "repo": "nixpkgs",
        "type": "github"
      }
    },
    "radarr-src": {
      "flake": false,
      "locked": {
        "narHash": "sha256-CeHQyA/7Vb1fyCCqHg/YbQ1lV7tKR0NQUv5Zqicxth8=",
        "type": "file",
        "url": "https://radarr.servarr.com/v1/update/master/updatefile?arch=x64&os=linux&runtime=netcore"
      },
      "original": {
        "type": "file",
        "url": "https://radarr.servarr.com/v1/update/master/updatefile?arch=x64&os=linux&runtime=netcore"
      }
    },
    "root": {
      "inputs": {
        "minimalbase": "minimalbase",
        "nixpkgs": [
          "minimalbase",
          "nixpkgs"
        ],
        "radarr-src": "radarr-src"
      }
    }
  },
  "root": "root",
  "version": 7
}
